
Microsoft Visual Studio Solution File, Format Version 12.00
# Visual Studio Version 17
VisualStudioVersion = 17.7.34031.279
MinimumVisualStudioVersion = 10.0.40219.1
Project("{FAE04EC0-301F-11D3-BF4B-00C04F79EFBC}") = "Harjoituksia E 7", "Harjoituksia E 7.csproj", "{EC41A19E-0F42-48CD-9BDD-08AF4FA14EB0}"
EndProject
Global
	GlobalSection(SolutionConfigurationPlatforms) = preSolution
		Debug|Any CPU = Debug|Any CPU
		Release|Any CPU = Release|Any CPU
	EndGlobalSection
	GlobalSection(ProjectConfigurationPlatforms) = postSolution
		{EC41A19E-0F42-48CD-9BDD-08AF4FA14EB0}.Debug|Any CPU.ActiveCfg = Debug|Any CPU
		{EC41A19E-0F42-48CD-9BDD-08AF4FA14EB0}.Debug|Any CPU.Build.0 = Debug|Any CPU
		{EC41A19E-0F42-48CD-9BDD-08AF4FA14EB0}.Release|Any CPU.ActiveCfg = Release|Any CPU
		{EC41A19E-0F42-48CD-9BDD-08AF4FA14EB0}.Release|Any CPU.Build.0 = Release|Any CPU
	EndGlobalSection
	GlobalSection(SolutionProperties) = preSolution
		HideSolutionNode = FALSE
	EndGlobalSection
	GlobalSection(ExtensibilityGlobals) = postSolution
		SolutionGuid = {B7DF1FA2-796F-4F82-810A-9BE1D8087534}
	EndGlobalSection
EndGlobal
